
Microsoft Visual Studio Solution File, Format Version 12.00
# Visual Studio 15
VisualStudioVersion = 15.0.28307.489
MinimumVisualStudioVersion = 10.0.40219.1
Project("{FAE04EC0-301F-11D3-BF4B-00C04F79EFBC}") = "OOPLAST9", "OOPLAST9\OOPLAST9.csproj", "{D15AB8EB-AE30-4848-B5A6-B9C8F8D06679}"
EndProject
Global
	GlobalSection(SolutionConfigurationPlatforms) = preSolution
		Debug|Any CPU = Debug|Any CPU
		Release|Any CPU = Release|Any CPU
	EndGlobalSection
	GlobalSection(ProjectConfigurationPlatforms) = postSolution
		{D15AB8EB-AE30-4848-B5A6-B9C8F8D06679}.Debug|Any CPU.ActiveCfg = Debug|Any CPU
		{D15AB8EB-AE30-4848-B5A6-B9C8F8D06679}.Debug|Any CPU.Build.0 = Debug|Any CPU
		{D15AB8EB-AE30-4848-B5A6-B9C8F8D06679}.Release|Any CPU.ActiveCfg = Release|Any CPU
		{D15AB8EB-AE30-4848-B5A6-B9C8F8D06679}.Release|Any CPU.Build.0 = Release|Any CPU
	EndGlobalSection
	GlobalSection(SolutionProperties) = preSolution
		HideSolutionNode = FALSE
	EndGlobalSection
	GlobalSection(ExtensibilityGlobals) = postSolution
		SolutionGuid = {E10B2428-4E19-4F84-93B1-5EC5F7AAA325}
	EndGlobalSection
EndGlobal
