
Microsoft Visual Studio Solution File, Format Version 12.00
# Visual Studio 15
VisualStudioVersion = 15.0.28307.106
MinimumVisualStudioVersion = 10.0.40219.1
Project("{FAE04EC0-301F-11D3-BF4B-00C04F79EFBC}") = "Lab12f", "Lab12f\Lab12f.csproj", "{1865584E-7716-4238-8FF6-BB976956491C}"
EndProject
Global
	GlobalSection(SolutionConfigurationPlatforms) = preSolution
		Debug|Any CPU = Debug|Any CPU
		Release|Any CPU = Release|Any CPU
	EndGlobalSection
	GlobalSection(ProjectConfigurationPlatforms) = postSolution
		{1865584E-7716-4238-8FF6-BB976956491C}.Debug|Any CPU.ActiveCfg = Debug|Any CPU
		{1865584E-7716-4238-8FF6-BB976956491C}.Debug|Any CPU.Build.0 = Debug|Any CPU
		{1865584E-7716-4238-8FF6-BB976956491C}.Release|Any CPU.ActiveCfg = Release|Any CPU
		{1865584E-7716-4238-8FF6-BB976956491C}.Release|Any CPU.Build.0 = Release|Any CPU
	EndGlobalSection
	GlobalSection(SolutionProperties) = preSolution
		HideSolutionNode = FALSE
	EndGlobalSection
	GlobalSection(ExtensibilityGlobals) = postSolution
		SolutionGuid = {5EEB41D8-0738-4988-A9F7-D6980DF7DBF8}
	EndGlobalSection
EndGlobal
