
Microsoft Visual Studio Solution File, Format Version 12.00
# Visual Studio 15
VisualStudioVersion = 15.0.28010.2050
MinimumVisualStudioVersion = 10.0.40219.1
Project("{FAE04EC0-301F-11D3-BF4B-00C04F79EFBC}") = "Lab7", "Lab7\Lab7.csproj", "{3112F0F3-2B1C-410A-8014-C2E1925F3176}"
EndProject
Global
	GlobalSection(SolutionConfigurationPlatforms) = preSolution
		Debug|Any CPU = Debug|Any CPU
		Release|Any CPU = Release|Any CPU
	EndGlobalSection
	GlobalSection(ProjectConfigurationPlatforms) = postSolution
		{3112F0F3-2B1C-410A-8014-C2E1925F3176}.Debug|Any CPU.ActiveCfg = Debug|Any CPU
		{3112F0F3-2B1C-410A-8014-C2E1925F3176}.Debug|Any CPU.Build.0 = Debug|Any CPU
		{3112F0F3-2B1C-410A-8014-C2E1925F3176}.Release|Any CPU.ActiveCfg = Release|Any CPU
		{3112F0F3-2B1C-410A-8014-C2E1925F3176}.Release|Any CPU.Build.0 = Release|Any CPU
	EndGlobalSection
	GlobalSection(SolutionProperties) = preSolution
		HideSolutionNode = FALSE
	EndGlobalSection
	GlobalSection(ExtensibilityGlobals) = postSolution
		SolutionGuid = {34EB7AA5-1CE8-48D4-8FC7-451AACEA979E}
	EndGlobalSection
EndGlobal
